
Microsoft Visual Studio Solution File, Format Version 12.00
# Visual Studio 2013
VisualStudioVersion = 12.0.30723.0
MinimumVisualStudioVersion = 10.0.40219.1
Project("{FAE04EC0-301F-11D3-BF4B-00C04F79EFBC}") = "TestMobileFunctions", "TextMobileFunctions\TestMobileFunctions.csproj", "{1D24ACD1-042A-474F-8E8C-6965D5AB4101}"
EndProject
Project("{FAE04EC0-301F-11D3-BF4B-00C04F79EFBC}") = "TestMobileFunctions.Android", "Android\TestMobileFunctions.Android.csproj", "{8C2697AA-18D2-4678-87E6-AFC8AFA951E7}"
EndProject
Global
	GlobalSection(SolutionConfigurationPlatforms) = preSolution
		Debug|Any CPU = Debug|Any CPU
		Release|Any CPU = Release|Any CPU
	EndGlobalSection
	GlobalSection(ProjectConfigurationPlatforms) = postSolution
		{1D24ACD1-042A-474F-8E8C-6965D5AB4101}.Debug|Any CPU.ActiveCfg = Debug|Any CPU
		{1D24ACD1-042A-474F-8E8C-6965D5AB4101}.Debug|Any CPU.Build.0 = Debug|Any CPU
		{1D24ACD1-042A-474F-8E8C-6965D5AB4101}.Release|Any CPU.ActiveCfg = Release|Any CPU
		{1D24ACD1-042A-474F-8E8C-6965D5AB4101}.Release|Any CPU.Build.0 = Release|Any CPU
		{8C2697AA-18D2-4678-87E6-AFC8AFA951E7}.Debug|Any CPU.ActiveCfg = Debug|Any CPU
		{8C2697AA-18D2-4678-87E6-AFC8AFA951E7}.Debug|Any CPU.Build.0 = Debug|Any CPU
		{8C2697AA-18D2-4678-87E6-AFC8AFA951E7}.Debug|Any CPU.Deploy.0 = Debug|Any CPU
		{8C2697AA-18D2-4678-87E6-AFC8AFA951E7}.Release|Any CPU.ActiveCfg = Release|Any CPU
		{8C2697AA-18D2-4678-87E6-AFC8AFA951E7}.Release|Any CPU.Build.0 = Release|Any CPU
	EndGlobalSection
	GlobalSection(SolutionProperties) = preSolution
		HideSolutionNode = FALSE
	EndGlobalSection
EndGlobal
